
Microsoft Visual Studio Solution File, Format Version 12.00
# Visual Studio Version 17
VisualStudioVersion = 17.0.31903.59
MinimumVisualStudioVersion = 10.0.40219.1
Project("{2150E333-8FDC-42A3-9474-1A3956D46DE8}") = "src", "src", "{E239B8CC-CEF9-4725-BA4D-C0FAF055D8E0}"
	ProjectSection(SolutionItems) = preProject
	EndProjectSection
EndProject
Project("{2150E333-8FDC-42A3-9474-1A3956D46DE8}") = "Sessions", "Sessions", "{60B8C5BE-3FCB-473A-A7D4-279E1DCC7038}"
EndProject
Project("{FAE04EC0-301F-11D3-BF4B-00C04F79EFBC}") = "Sessions.API", "src\Sessions\Sessions.API\Sessions.API.csproj", "{09C3D73E-00DC-496D-9CC6-30AB1C23E4AC}"
EndProject
Project("{FAE04EC0-301F-11D3-BF4B-00C04F79EFBC}") = "SessionOrchestrator", "src\SessionOrchestrator\SessionOrchestrator.csproj", "{FF9221C2-1567-4ABB-AF0E-07D391EB37F5}"
EndProject
Project("{2150E333-8FDC-42A3-9474-1A3956D46DE8}") = "ProductPricing", "ProductPricing", "{9E5AD740-523C-4866-9913-5A933E4BC1BE}"
EndProject
Project("{FAE04EC0-301F-11D3-BF4B-00C04F79EFBC}") = "ProductPricing.API", "src\ProductPricing\ProductPricing.API\ProductPricing.API.csproj", "{FD8345C6-FE78-4B16-9639-362D68D7FAC2}"
EndProject
Project("{2150E333-8FDC-42A3-9474-1A3956D46DE8}") = "Payments", "Payments", "{734E1A1C-EE4F-492B-BB1E-594851D1686B}"
EndProject
Project("{FAE04EC0-301F-11D3-BF4B-00C04F79EFBC}") = "Payments.API", "src\Payments\Payments.API\Payments.API.csproj", "{C85DF016-1B5A-4E3B-ABB2-88C9F7965AF4}"
EndProject
Global
	GlobalSection(SolutionConfigurationPlatforms) = preSolution
		Debug|Any CPU = Debug|Any CPU
		Release|Any CPU = Release|Any CPU
	EndGlobalSection
	GlobalSection(SolutionProperties) = preSolution
		HideSolutionNode = FALSE
	EndGlobalSection
	GlobalSection(ProjectConfigurationPlatforms) = postSolution
		{09C3D73E-00DC-496D-9CC6-30AB1C23E4AC}.Debug|Any CPU.ActiveCfg = Debug|Any CPU
		{09C3D73E-00DC-496D-9CC6-30AB1C23E4AC}.Debug|Any CPU.Build.0 = Debug|Any CPU
		{09C3D73E-00DC-496D-9CC6-30AB1C23E4AC}.Release|Any CPU.ActiveCfg = Release|Any CPU
		{09C3D73E-00DC-496D-9CC6-30AB1C23E4AC}.Release|Any CPU.Build.0 = Release|Any CPU
		{FF9221C2-1567-4ABB-AF0E-07D391EB37F5}.Debug|Any CPU.ActiveCfg = Debug|Any CPU
		{FF9221C2-1567-4ABB-AF0E-07D391EB37F5}.Debug|Any CPU.Build.0 = Debug|Any CPU
		{FF9221C2-1567-4ABB-AF0E-07D391EB37F5}.Release|Any CPU.ActiveCfg = Release|Any CPU
		{FF9221C2-1567-4ABB-AF0E-07D391EB37F5}.Release|Any CPU.Build.0 = Release|Any CPU
		{FD8345C6-FE78-4B16-9639-362D68D7FAC2}.Debug|Any CPU.ActiveCfg = Debug|Any CPU
		{FD8345C6-FE78-4B16-9639-362D68D7FAC2}.Debug|Any CPU.Build.0 = Debug|Any CPU
		{FD8345C6-FE78-4B16-9639-362D68D7FAC2}.Release|Any CPU.ActiveCfg = Release|Any CPU
		{FD8345C6-FE78-4B16-9639-362D68D7FAC2}.Release|Any CPU.Build.0 = Release|Any CPU
		{C85DF016-1B5A-4E3B-ABB2-88C9F7965AF4}.Debug|Any CPU.ActiveCfg = Debug|Any CPU
		{C85DF016-1B5A-4E3B-ABB2-88C9F7965AF4}.Debug|Any CPU.Build.0 = Debug|Any CPU
		{C85DF016-1B5A-4E3B-ABB2-88C9F7965AF4}.Release|Any CPU.ActiveCfg = Release|Any CPU
		{C85DF016-1B5A-4E3B-ABB2-88C9F7965AF4}.Release|Any CPU.Build.0 = Release|Any CPU
	EndGlobalSection
	GlobalSection(NestedProjects) = preSolution
		{60B8C5BE-3FCB-473A-A7D4-279E1DCC7038} = {E239B8CC-CEF9-4725-BA4D-C0FAF055D8E0}
		{09C3D73E-00DC-496D-9CC6-30AB1C23E4AC} = {60B8C5BE-3FCB-473A-A7D4-279E1DCC7038}
		{FF9221C2-1567-4ABB-AF0E-07D391EB37F5} = {E239B8CC-CEF9-4725-BA4D-C0FAF055D8E0}
		{9E5AD740-523C-4866-9913-5A933E4BC1BE} = {E239B8CC-CEF9-4725-BA4D-C0FAF055D8E0}
		{FD8345C6-FE78-4B16-9639-362D68D7FAC2} = {9E5AD740-523C-4866-9913-5A933E4BC1BE}
		{734E1A1C-EE4F-492B-BB1E-594851D1686B} = {E239B8CC-CEF9-4725-BA4D-C0FAF055D8E0}
		{C85DF016-1B5A-4E3B-ABB2-88C9F7965AF4} = {734E1A1C-EE4F-492B-BB1E-594851D1686B}
	EndGlobalSection
EndGlobal
